// !$*UTF8*$!
{
	archiveVersion = 1;
	classes = {
	};
	objectVersion = 55;
	objects = {

/* Begin PBXBuildFile section */
		725200BF27E8123400EEE47F /* AppDelegate.swift in Sources */ = {isa = PBXBuildFile; fileRef = 725200BE27E8123400EEE47F /* AppDelegate.swift */; };
		725200C127E8123400EEE47F /* SceneDelegate.swift in Sources */ = {isa = PBXBuildFile; fileRef = 725200C027E8123400EEE47F /* SceneDelegate.swift */; };
		725200C327E8123400EEE47F /* ViewController.swift in Sources */ = {isa = PBXBuildFile; fileRef = 725200C227E8123400EEE47F /* ViewController.swift */; };
		725200C627E8123400EEE47F /* Main.storyboard in Resources */ = {isa = PBXBuildFile; fileRef = 725200C427E8123400EEE47F /* Main.storyboard */; };
		725200C827E8123600EEE47F /* Assets.xcassets in Resources */ = {isa = PBXBuildFile; fileRef = 725200C727E8123600EEE47F /* Assets.xcassets */; };
		725200CB27E8123600EEE47F /* LaunchScreen.storyboard in Resources */ = {isa = PBXBuildFile; fileRef = 725200C927E8123600EEE47F /* LaunchScreen.storyboard */; };
		725200D627E8123600EEE47F /* PhotoAlbumTests.swift in Sources */ = {isa = PBXBuildFile; fileRef = 725200D527E8123600EEE47F /* PhotoAlbumTests.swift */; };
		725200E027E8123600EEE47F /* PhotoAlbumUITests.swift in Sources */ = {isa = PBXBuildFile; fileRef = 725200DF27E8123600EEE47F /* PhotoAlbumUITests.swift */; };
		725200E227E8123600EEE47F /* PhotoAlbumUITestsLaunchTests.swift in Sources */ = {isa = PBXBuildFile; fileRef = 725200E127E8123600EEE47F /* PhotoAlbumUITestsLaunchTests.swift */; };
/* End PBXBuildFile section */

/* Begin PBXContainerItemProxy section */
		725200D227E8123600EEE47F /* PBXContainerItemProxy */ = {
			isa = PBXContainerItemProxy;
			containerPortal = 725200B327E8123400EEE47F /* Project object */;
			proxyType = 1;
			remoteGlobalIDString = 725200BA27E8123400EEE47F;
			remoteInfo = PhotoAlbum;
		};
		725200DC27E8123600EEE47F /* PBXContainerItemProxy */ = {
			isa = PBXContainerItemProxy;
			containerPortal = 725200B327E8123400EEE47F /* Project object */;
			proxyType = 1;
			remoteGlobalIDString = 725200BA27E8123400EEE47F;
			remoteInfo = PhotoAlbum;
		};
/* End PBXContainerItemProxy section */

/* Begin PBXFileReference section */
		725200BB27E8123400EEE47F /* PhotoAlbum.app */ = {isa = PBXFileReference; explicitFileType = wrapper.application; includeInIndex = 0; path = PhotoAlbum.app; sourceTree = BUILT_PRODUCTS_DIR; };
		725200BE27E8123400EEE47F /* AppDelegate.swift */ = {isa = PBXFileReference; lastKnownFileType = sourcecode.swift; path = AppDelegate.swift; sourceTree = "<group>"; };
		725200C027E8123400EEE47F /* SceneDelegate.swift */ = {isa = PBXFileReference; lastKnownFileType = sourcecode.swift; path = SceneDelegate.swift; sourceTree = "<group>"; };
		725200C227E8123400EEE47F /* ViewController.swift */ = {isa = PBXFileReference; lastKnownFileType = sourcecode.swift; path = ViewController.swift; sourceTree = "<group>"; };
		725200C527E8123400EEE47F /* Base */ = {isa = PBXFileReference; lastKnownFileType = file.storyboard; name = Base; path = Base.lproj/Main.storyboard; sourceTree = "<group>"; };
		725200C727E8123600EEE47F /* Assets.xcassets */ = {isa = PBXFileReference; lastKnownFileType = folder.assetcatalog; path = Assets.xcassets; sourceTree = "<group>"; };
		725200CA27E8123600EEE47F /* Base */ = {isa = PBXFileReference; lastKnownFileType = file.storyboard; name = Base; path = Base.lproj/LaunchScreen.storyboard; sourceTree = "<group>"; };
		725200CC27E8123600EEE47F /* Info.plist */ = {isa = PBXFileReference; lastKnownFileType = text.plist.xml; path = Info.plist; sourceTree = "<group>"; };
		725200D127E8123600EEE47F /* PhotoAlbumTests.xctest */ = {isa = PBXFileReference; explicitFileType = wrapper.cfbundle; includeInIndex = 0; path = PhotoAlbumTests.xctest; sourceTree = BUILT_PRODUCTS_DIR; };
		725200D527E8123600EEE47F /* PhotoAlbumTests.swift */ = {isa = PBXFileReference; lastKnownFileType = sourcecode.swift; path = PhotoAlbumTests.swift; sourceTree = "<group>"; };
		725200DB27E8123600EEE47F /* PhotoAlbumUITests.xctest */ = {isa = PBXFileReference; explicitFileType = wrapper.cfbundle; includeInIndex = 0; path = PhotoAlbumUITests.xctest; sourceTree = BUILT_PRODUCTS_DIR; };
		725200DF27E8123600EEE47F /* PhotoAlbumUITests.swift */ = {isa = PBXFileReference; lastKnownFileType = sourcecode.swift; path = PhotoAlbumUITests.swift; sourceTree = "<group>"; };
		725200E127E8123600EEE47F /* PhotoAlbumUITestsLaunchTests.swift */ = {isa = PBXFileReference; lastKnownFileType = sourcecode.swift; path = PhotoAlbumUITestsLaunchTests.swift; sourceTree = "<group>"; };
/* End PBXFileReference section */

/* Begin PBXFrameworksBuildPhase section */
		725200B827E8123400EEE47F /* Frameworks */ = {
			isa = PBXFrameworksBuildPhase;
			buildActionMask = 2147483647;
			files = (
			);
			runOnlyForDeploymentPostprocessing = 0;
		};
		725200CE27E8123600EEE47F /* Frameworks */ = {
			isa = PBXFrameworksBuildPhase;
			buildActionMask = 2147483647;
			files = (
			);
			runOnlyForDeploymentPostprocessing = 0;
		};
		725200D827E8123600EEE47F /* Frameworks */ = {
			isa = PBXFrameworksBuildPhase;
			buildActionMask = 2147483647;
			files = (
			);
			runOnlyForDeploymentPostprocessing = 0;
		};
/* End PBXFrameworksBuildPhase section */

/* Begin PBXGroup section */
		725200B227E8123400EEE47F = {
			isa = PBXGroup;
			children = (
				725200BD27E8123400EEE47F /* PhotoAlbum */,
				725200D427E8123600EEE47F /* PhotoAlbumTests */,
				725200DE27E8123600EEE47F /* PhotoAlbumUITests */,
				725200BC27E8123400EEE47F /* Products */,
			);
			sourceTree = "<group>";
		};
		725200BC27E8123400EEE47F /* Products */ = {
			isa = PBXGroup;
			children = (
				725200BB27E8123400EEE47F /* PhotoAlbum.app */,
				725200D127E8123600EEE47F /* PhotoAlbumTests.xctest */,
				725200DB27E8123600EEE47F /* PhotoAlbumUITests.xctest */,
			);
			name = Products;
			sourceTree = "<group>";
		};
		725200BD27E8123400EEE47F /* PhotoAlbum */ = {
			isa = PBXGroup;
			children = (
				725200BE27E8123400EEE47F /* AppDelegate.swift */,
				725200C027E8123400EEE47F /* SceneDelegate.swift */,
				725200C227E8123400EEE47F /* ViewController.swift */,
				725200C427E8123400EEE47F /* Main.storyboard */,
				725200C727E8123600EEE47F /* Assets.xcassets */,
				725200C927E8123600EEE47F /* LaunchScreen.storyboard */,
				725200CC27E8123600EEE47F /* Info.plist */,
			);
			path = PhotoAlbum;
			sourceTree = "<group>";
		};
		725200D427E8123600EEE47F /* PhotoAlbumTests */ = {
			isa = PBXGroup;
			children = (
				725200D527E8123600EEE47F /* PhotoAlbumTests.swift */,
			);
			path = PhotoAlbumTests;
			sourceTree = "<group>";
		};
		725200DE27E8123600EEE47F /* PhotoAlbumUITests */ = {
			isa = PBXGroup;
			children = (
				725200DF27E8123600EEE47F /* PhotoAlbumUITests.swift */,
				725200E127E8123600EEE47F /* PhotoAlbumUITestsLaunchTests.swift */,
			);
			path = PhotoAlbumUITests;
			sourceTree = "<group>";
		};
/* End PBXGroup section */

/* Begin PBXNativeTarget section */
		725200BA27E8123400EEE47F /* PhotoAlbum */ = {
			isa = PBXNativeTarget;
			buildConfigurationList = 725200E527E8123600EEE47F /* Build configuration list for PBXNativeTarget "PhotoAlbum" */;
			buildPhases = (
				725200B727E8123400EEE47F /* Sources */,
				725200B827E8123400EEE47F /* Frameworks */,
				725200B927E8123400EEE47F /* Resources */,
			);
			buildRules = (
			);
			dependencies = (
			);
			name = PhotoAlbum;
			productName = PhotoAlbum;
			productReference = 725200BB27E8123400EEE47F /* PhotoAlbum.app */;
			productType = "com.apple.product-type.application";
		};
		725200D027E8123600EEE47F /* PhotoAlbumTests */ = {
			isa = PBXNativeTarget;
			buildConfigurationList = 725200E827E8123600EEE47F /* Build configuration list for PBXNativeTarget "PhotoAlbumTests" */;
			buildPhases = (
				725200CD27E8123600EEE47F /* Sources */,
				725200CE27E8123600EEE47F /* Frameworks */,
				725200CF27E8123600EEE47F /* Resources */,
			);
			buildRules = (
			);
			dependencies = (
				725200D327E8123600EEE47F /* PBXTargetDependency */,
			);
			name = PhotoAlbumTests;
			productName = PhotoAlbumTests;
			productReference = 725200D127E8123600EEE47F /* PhotoAlbumTests.xctest */;
			productType = "com.apple.product-type.bundle.unit-test";
		};
		725200DA27E8123600EEE47F /* PhotoAlbumUITests */ = {
			isa = PBXNativeTarget;
			buildConfigurationList = 725200EB27E8123600EEE47F /* Build configuration list for PBXNativeTarget "PhotoAlbumUITests" */;
			buildPhases = (
				725200D727E8123600EEE47F /* Sources */,
				725200D827E8123600EEE47F /* Frameworks */,
				725200D927E8123600EEE47F /* Resources */,
			);
			buildRules = (
			);
			dependencies = (
				725200DD27E8123600EEE47F /* PBXTargetDependency */,
			);
			name = PhotoAlbumUITests;
			productName = PhotoAlbumUITests;
			productReference = 725200DB27E8123600EEE47F /* PhotoAlbumUITests.xctest */;
			productType = "com.apple.product-type.bundle.ui-testing";
		};
/* End PBXNativeTarget section */

/* Begin PBXProject section */
		725200B327E8123400EEE47F /* Project object */ = {
			isa = PBXProject;
			attributes = {
				BuildIndependentTargetsInParallel = 1;
				LastSwiftUpdateCheck = 1320;
				LastUpgradeCheck = 1320;
				TargetAttributes = {
					725200BA27E8123400EEE47F = {
						CreatedOnToolsVersion = 13.2.1;
					};
					725200D027E8123600EEE47F = {
						CreatedOnToolsVersion = 13.2.1;
						TestTargetID = 725200BA27E8123400EEE47F;
					};
					725200DA27E8123600EEE47F = {
						CreatedOnToolsVersion = 13.2.1;
						TestTargetID = 725200BA27E8123400EEE47F;
					};
				};
			};
			buildConfigurationList = 725200B627E8123400EEE47F /* Build configuration list for PBXProject "PhotoAlbum" */;
			compatibilityVersion = "Xcode 13.0";
			developmentRegion = en;
			hasScannedForEncodings = 0;
			knownRegions = (
				en,
				Base,
			);
			mainGroup = 725200B227E8123400EEE47F;
			productRefGroup = 725200BC27E8123400EEE47F /* Products */;
			projectDirPath = "";
			projectRoot = "";
			targets = (
				725200BA27E8123400EEE47F /* PhotoAlbum */,
				725200D027E8123600EEE47F /* PhotoAlbumTests */,
				725200DA27E8123600EEE47F /* PhotoAlbumUITests */,
			);
		};
/* End PBXProject section */

/* Begin PBXResourcesBuildPhase section */
		725200B927E8123400EEE47F /* Resources */ = {
			isa = PBXResourcesBuildPhase;
			buildActionMask = 2147483647;
			files = (
				725200CB27E8123600EEE47F /* LaunchScreen.storyboard in Resources */,
				725200C827E8123600EEE47F /* Assets.xcassets in Resources */,
				725200C627E8123400EEE47F /* Main.storyboard in Resources */,
			);
			runOnlyForDeploymentPostprocessing = 0;
		};
		725200CF27E8123600EEE47F /* Resources */ = {
			isa = PBXResourcesBuildPhase;
			buildActionMask = 2147483647;
			files = (
			);
			runOnlyForDeploymentPostprocessing = 0;
		};
		725200D927E8123600EEE47F /* Resources */ = {
			isa = PBXResourcesBuildPhase;
			buildActionMask = 2147483647;
			files = (
			);
			runOnlyForDeploymentPostprocessing = 0;
		};
/* End PBXResourcesBuildPhase section */

/* Begin PBXSourcesBuildPhase section */
		725200B727E8123400EEE47F /* Sources */ = {
			isa = PBXSourcesBuildPhase;
			buildActionMask = 2147483647;
			files = (
				725200C327E8123400EEE47F /* ViewController.swift in Sources */,
				725200BF27E8123400EEE47F /* AppDelegate.swift in Sources */,
				725200C127E8123400EEE47F /* SceneDelegate.swift in Sources */,
			);
			runOnlyForDeploymentPostprocessing = 0;
		};
		725200CD27E8123600EEE47F /* Sources */ = {
			isa = PBXSourcesBuildPhase;
			buildActionMask = 2147483647;
			files = (
				725200D627E8123600EEE47F /* PhotoAlbumTests.swift in Sources */,
			);
			runOnlyForDeploymentPostprocessing = 0;
		};
		725200D727E8123600EEE47F /* Sources */ = {
			isa = PBXSourcesBuildPhase;
			buildActionMask = 2147483647;
			files = (
				725200E027E8123600EEE47F /* PhotoAlbumUITests.swift in Sources */,
				725200E227E8123600EEE47F /* PhotoAlbumUITestsLaunchTests.swift in Sources */,
			);
			runOnlyForDeploymentPostprocessing = 0;
		};
/* End PBXSourcesBuildPhase section */

/* Begin PBXTargetDependency section */
		725200D327E8123600EEE47F /* PBXTargetDependency */ = {
			isa = PBXTargetDependency;
			target = 725200BA27E8123400EEE47F /* PhotoAlbum */;
			targetProxy = 725200D227E8123600EEE47F /* PBXContainerItemProxy */;
		};
		725200DD27E8123600EEE47F /* PBXTargetDependency */ = {
			isa = PBXTargetDependency;
			target = 725200BA27E8123400EEE47F /* PhotoAlbum */;
			targetProxy = 725200DC27E8123600EEE47F /* PBXContainerItemProxy */;
		};
/* End PBXTargetDependency section */

/* Begin PBXVariantGroup section */
		725200C427E8123400EEE47F /* Main.storyboard */ = {
			isa = PBXVariantGroup;
			children = (
				725200C527E8123400EEE47F /* Base */,
			);
			name = Main.storyboard;
			sourceTree = "<group>";
		};
		725200C927E8123600EEE47F /* LaunchScreen.storyboard */ = {
			isa = PBXVariantGroup;
			children = (
				725200CA27E8123600EEE47F /* Base */,
			);
			name = LaunchScreen.storyboard;
			sourceTree = "<group>";
		};
/* End PBXVariantGroup section */

/* Begin XCBuildConfiguration section */
		725200E327E8123600EEE47F /* Debug */ = {
			isa = XCBuildConfiguration;
			buildSettings = {
				ALWAYS_SEARCH_USER_PATHS = NO;
				CLANG_ANALYZER_NONNULL = YES;
				CLANG_ANALYZER_NUMBER_OBJECT_CONVERSION = YES_AGGRESSIVE;
				CLANG_CXX_LANGUAGE_STANDARD = "gnu++17";
				CLANG_CXX_LIBRARY = "libc++";
				CLANG_ENABLE_MODULES = YES;
				CLANG_ENABLE_OBJC_ARC = YES;
				CLANG_ENABLE_OBJC_WEAK = YES;
				CLANG_WARN_BLOCK_CAPTURE_AUTORELEASING = YES;
				CLANG_WARN_BOOL_CONVERSION = YES;
				CLANG_WARN_COMMA = YES;
				CLANG_WARN_CONSTANT_CONVERSION = YES;
				CLANG_WARN_DEPRECATED_OBJC_IMPLEMENTATIONS = YES;
				CLANG_WARN_DIRECT_OBJC_ISA_USAGE = YES_ERROR;
				CLANG_WARN_DOCUMENTATION_COMMENTS = YES;
				CLANG_WARN_EMPTY_BODY = YES;
				CLANG_WARN_ENUM_CONVERSION = YES;
				CLANG_WARN_INFINITE_RECURSION = YES;
				CLANG_WARN_INT_CONVERSION = YES;
				CLANG_WARN_NON_LITERAL_NULL_CONVERSION = YES;
				CLANG_WARN_OBJC_IMPLICIT_RETAIN_SELF = YES;
				CLANG_WARN_OBJC_LITERAL_CONVERSION = YES;
				CLANG_WARN_OBJC_ROOT_CLASS = YES_ERROR;
				CLANG_WARN_QUOTED_INCLUDE_IN_FRAMEWORK_HEADER = YES;
				CLANG_WARN_RANGE_LOOP_ANALYSIS = YES;
				CLANG_WARN_STRICT_PROTOTYPES = YES;
				CLANG_WARN_SUSPICIOUS_MOVE = YES;
				CLANG_WARN_UNGUARDED_AVAILABILITY = YES_AGGRESSIVE;
				CLANG_WARN_UNREACHABLE_CODE = YES;
				CLANG_WARN__DUPLICATE_METHOD_MATCH = YES;
				COPY_PHASE_STRIP = NO;
				DEBUG_INFORMATION_FORMAT = dwarf;
				ENABLE_STRICT_OBJC_MSGSEND = YES;
				ENABLE_TESTABILITY = YES;
				GCC_C_LANGUAGE_STANDARD = gnu11;
				GCC_DYNAMIC_NO_PIC = NO;
				GCC_NO_COMMON_BLOCKS = YES;
				GCC_OPTIMIZATION_LEVEL = 0;
				GCC_PREPROCESSOR_DEFINITIONS = (
					"DEBUG=1",
					"$(inherited)",
				);
				GCC_WARN_64_TO_32_BIT_CONVERSION = YES;
				GCC_WARN_ABOUT_RETURN_TYPE = YES_ERROR;
				GCC_WARN_UNDECLARED_SELECTOR = YES;
				GCC_WARN_UNINITIALIZED_AUTOS = YES_AGGRESSIVE;
				GCC_WARN_UNUSED_FUNCTION = YES;
				GCC_WARN_UNUSED_VARIABLE = YES;
				IPHONEOS_DEPLOYMENT_TARGET = 15.2;
				MTL_ENABLE_DEBUG_INFO = INCLUDE_SOURCE;
				MTL_FAST_MATH = YES;
				ONLY_ACTIVE_ARCH = YES;
				SDKROOT = iphoneos;
				SWIFT_ACTIVE_COMPILATION_CONDITIONS = DEBUG;
				SWIFT_OPTIMIZATION_LEVEL = "-Onone";
			};
			name = Debug;
		};
		725200E427E8123600EEE47F /* Release */ = {
			isa = XCBuildConfiguration;
			buildSettings = {
				ALWAYS_SEARCH_USER_PATHS = NO;
				CLANG_ANALYZER_NONNULL = YES;
				CLANG_ANALYZER_NUMBER_OBJECT_CONVERSION = YES_AGGRESSIVE;
				CLANG_CXX_LANGUAGE_STANDARD = "gnu++17";
				CLANG_CXX_LIBRARY = "libc++";
				CLANG_ENABLE_MODULES = YES;
				CLANG_ENABLE_OBJC_ARC = YES;
				CLANG_ENABLE_OBJC_WEAK = YES;
				CLANG_WARN_BLOCK_CAPTURE_AUTORELEASING = YES;
				CLANG_WARN_BOOL_CONVERSION = YES;
				CLANG_WARN_COMMA = YES;
				CLANG_WARN_CONSTANT_CONVERSION = YES;
				CLANG_WARN_DEPRECATED_OBJC_IMPLEMENTATIONS = YES;
				CLANG_WARN_DIRECT_OBJC_ISA_USAGE = YES_ERROR;
				CLANG_WARN_DOCUMENTATION_COMMENTS = YES;
				CLANG_WARN_EMPTY_BODY = YES;
				CLANG_WARN_ENUM_CONVERSION = YES;
				CLANG_WARN_INFINITE_RECURSION = YES;
				CLANG_WARN_INT_CONVERSION = YES;
				CLANG_WARN_NON_LITERAL_NULL_CONVERSION = YES;
				CLANG_WARN_OBJC_IMPLICIT_RETAIN_SELF = YES;
				CLANG_WARN_OBJC_LITERAL_CONVERSION = YES;
				CLANG_WARN_OBJC_ROOT_CLASS = YES_ERROR;
				CLANG_WARN_QUOTED_INCLUDE_IN_FRAMEWORK_HEADER = YES;
				CLANG_WARN_RANGE_LOOP_ANALYSIS = YES;
				CLANG_WARN_STRICT_PROTOTYPES = YES;
				CLANG_WARN_SUSPICIOUS_MOVE = YES;
				CLANG_WARN_UNGUARDED_AVAILABILITY = YES_AGGRESSIVE;
				CLANG_WARN_UNREACHABLE_CODE = YES;
				CLANG_WARN__DUPLICATE_METHOD_MATCH = YES;
				COPY_PHASE_STRIP = NO;
				DEBUG_INFORMATION_FORMAT = "dwarf-with-dsym";
				ENABLE_NS_ASSERTIONS = NO;
				ENABLE_STRICT_OBJC_MSGSEND = YES;
				GCC_C_LANGUAGE_STANDARD = gnu11;
				GCC_NO_COMMON_BLOCKS = YES;
				GCC_WARN_64_TO_32_BIT_CONVERSION = YES;
				GCC_WARN_ABOUT_RETURN_TYPE = YES_ERROR;
				GCC_WARN_UNDECLARED_SELECTOR = YES;
				GCC_WARN_UNINITIALIZED_AUTOS = YES_AGGRESSIVE;
				GCC_WARN_UNUSED_FUNCTION = YES;
				GCC_WARN_UNUSED_VARIABLE = YES;
				IPHONEOS_DEPLOYMENT_TARGET = 15.2;
				MTL_ENABLE_DEBUG_INFO = NO;
				MTL_FAST_MATH = YES;
				SDKROOT = iphoneos;
				SWIFT_COMPILATION_MODE = wholemodule;
				SWIFT_OPTIMIZATION_LEVEL = "-O";
				VALIDATE_PRODUCT = YES;
			};
			name = Release;
		};
		725200E627E8123600EEE47F /* Debug */ = {
			isa = XCBuildConfiguration;
			buildSettings = {
				ASSETCATALOG_COMPILER_APPICON_NAME = AppIcon;
				ASSETCATALOG_COMPILER_GLOBAL_ACCENT_COLOR_NAME = AccentColor;
				CODE_SIGN_STYLE = Automatic;
				CURRENT_PROJECT_VERSION = 1;
				DEVELOPMENT_TEAM = LHMNAPQ6N7;
				GENERATE_INFOPLIST_FILE = YES;
				INFOPLIST_FILE = PhotoAlbum/Info.plist;
				INFOPLIST_KEY_UIApplicationSupportsIndirectInputEvents = YES;
				INFOPLIST_KEY_UILaunchStoryboardName = LaunchScreen;
				INFOPLIST_KEY_UIMainStoryboardFile = Main;
				INFOPLIST_KEY_UISupportedInterfaceOrientations_iPad = "UIInterfaceOrientationPortrait UIInterfaceOrientationPortraitUpsideDown UIInterfaceOrientationLandscapeLeft UIInterfaceOrientationLandscapeRight";
				INFOPLIST_KEY_UISupportedInterfaceOrientations_iPhone = "UIInterfaceOrientationPortrait UIInterfaceOrientationLandscapeLeft UIInterfaceOrientationLandscapeRight";
				LD_RUNPATH_SEARCH_PATHS = (
					"$(inherited)",
					"@executable_path/Frameworks",
				);
				MARKETING_VERSION = 1.0;
				PRODUCT_BUNDLE_IDENTIFIER = practice.PhotoAlbum;
				PRODUCT_NAME = "$(TARGET_NAME)";
				SWIFT_EMIT_LOC_STRINGS = YES;
				SWIFT_VERSION = 5.0;
				TARGETED_DEVICE_FAMILY = "1,2";
			};
			name = Debug;
		};
		725200E727E8123600EEE47F /* Release */ = {
			isa = XCBuildConfiguration;
			buildSettings = {
				ASSETCATALOG_COMPILER_APPICON_NAME = AppIcon;
				ASSETCATALOG_COMPILER_GLOBAL_ACCENT_COLOR_NAME = AccentColor;
				CODE_SIGN_STYLE = Automatic;
				CURRENT_PROJECT_VERSION = 1;
				DEVELOPMENT_TEAM = LHMNAPQ6N7;
				GENERATE_INFOPLIST_FILE = YES;
				INFOPLIST_FILE = PhotoAlbum/Info.plist;
				INFOPLIST_KEY_UIApplicationSupportsIndirectInputEvents = YES;
				INFOPLIST_KEY_UILaunchStoryboardName = LaunchScreen;
				INFOPLIST_KEY_UIMainStoryboardFile = Main;
				INFOPLIST_KEY_UISupportedInterfaceOrientations_iPad = "UIInterfaceOrientationPortrait UIInterfaceOrientationPortraitUpsideDown UIInterfaceOrientationLandscapeLeft UIInterfaceOrientationLandscapeRight";
				INFOPLIST_KEY_UISupportedInterfaceOrientations_iPhone = "UIInterfaceOrientationPortrait UIInterfaceOrientationLandscapeLeft UIInterfaceOrientationLandscapeRight";
				LD_RUNPATH_SEARCH_PATHS = (
					"$(inherited)",
					"@executable_path/Frameworks",
				);
				MARKETING_VERSION = 1.0;
				PRODUCT_BUNDLE_IDENTIFIER = practice.PhotoAlbum;
				PRODUCT_NAME = "$(TARGET_NAME)";
				SWIFT_EMIT_LOC_STRINGS = YES;
				SWIFT_VERSION = 5.0;
				TARGETED_DEVICE_FAMILY = "1,2";
			};
			name = Release;
		};
		725200E927E8123600EEE47F /* Debug */ = {
			isa = XCBuildConfiguration;
			buildSettings = {
				ALWAYS_EMBED_SWIFT_STANDARD_LIBRARIES = YES;
				BUNDLE_LOADER = "$(TEST_HOST)";
				CODE_SIGN_STYLE = Automatic;
				CURRENT_PROJECT_VERSION = 1;
				DEVELOPMENT_TEAM = LHMNAPQ6N7;
				GENERATE_INFOPLIST_FILE = YES;
				IPHONEOS_DEPLOYMENT_TARGET = 15.2;
				MARKETING_VERSION = 1.0;
				PRODUCT_BUNDLE_IDENTIFIER = practice.PhotoAlbumTests;
				PRODUCT_NAME = "$(TARGET_NAME)";
				SWIFT_EMIT_LOC_STRINGS = NO;
				SWIFT_VERSION = 5.0;
				TARGETED_DEVICE_FAMILY = "1,2";
				TEST_HOST = "$(BUILT_PRODUCTS_DIR)/PhotoAlbum.app/PhotoAlbum";
			};
			name = Debug;
		};
		725200EA27E8123600EEE47F /* Release */ = {
			isa = XCBuildConfiguration;
			buildSettings = {
				ALWAYS_EMBED_SWIFT_STANDARD_LIBRARIES = YES;
				BUNDLE_LOADER = "$(TEST_HOST)";
				CODE_SIGN_STYLE = Automatic;
				CURRENT_PROJECT_VERSION = 1;
				DEVELOPMENT_TEAM = LHMNAPQ6N7;
				GENERATE_INFOPLIST_FILE = YES;
				IPHONEOS_DEPLOYMENT_TARGET = 15.2;
				MARKETING_VERSION = 1.0;
				PRODUCT_BUNDLE_IDENTIFIER = practice.PhotoAlbumTests;
				PRODUCT_NAME = "$(TARGET_NAME)";
				SWIFT_EMIT_LOC_STRINGS = NO;
				SWIFT_VERSION = 5.0;
				TARGETED_DEVICE_FAMILY = "1,2";
				TEST_HOST = "$(BUILT_PRODUCTS_DIR)/PhotoAlbum.app/PhotoAlbum";
			};
			name = Release;
		};
		725200EC27E8123600EEE47F /* Debug */ = {
			isa = XCBuildConfiguration;
			buildSettings = {
				ALWAYS_EMBED_SWIFT_STANDARD_LIBRARIES = YES;
				CODE_SIGN_STYLE = Automatic;
				CURRENT_PROJECT_VERSION = 1;
				DEVELOPMENT_TEAM = LHMNAPQ6N7;
				GENERATE_INFOPLIST_FILE = YES;
				MARKETING_VERSION = 1.0;
				PRODUCT_BUNDLE_IDENTIFIER = practice.PhotoAlbumUITests;
				PRODUCT_NAME = "$(TARGET_NAME)";
				SWIFT_EMIT_LOC_STRINGS = NO;
				SWIFT_VERSION = 5.0;
				TARGETED_DEVICE_FAMILY = "1,2";
				TEST_TARGET_NAME = PhotoAlbum;
			};
			name = Debug;
		};
		725200ED27E8123600EEE47F /* Release */ = {
			isa = XCBuildConfiguration;
			buildSettings = {
				ALWAYS_EMBED_SWIFT_STANDARD_LIBRARIES = YES;
				CODE_SIGN_STYLE = Automatic;
				CURRENT_PROJECT_VERSION = 1;
				DEVELOPMENT_TEAM = LHMNAPQ6N7;
				GENERATE_INFOPLIST_FILE = YES;
				MARKETING_VERSION = 1.0;
				PRODUCT_BUNDLE_IDENTIFIER = practice.PhotoAlbumUITests;
				PRODUCT_NAME = "$(TARGET_NAME)";
				SWIFT_EMIT_LOC_STRINGS = NO;
				SWIFT_VERSION = 5.0;
				TARGETED_DEVICE_FAMILY = "1,2";
				TEST_TARGET_NAME = PhotoAlbum;
			};
			name = Release;
		};
/* End XCBuildConfiguration section */

/* Begin XCConfigurationList section */
		725200B627E8123400EEE47F /* Build configuration list for PBXProject "PhotoAlbum" */ = {
			isa = XCConfigurationList;
			buildConfigurations = (
				725200E327E8123600EEE47F /* Debug */,
				725200E427E8123600EEE47F /* Release */,
			);
			defaultConfigurationIsVisible = 0;
			defaultConfigurationName = Release;
		};
		725200E527E8123600EEE47F /* Build configuration list for PBXNativeTarget "PhotoAlbum" */ = {
			isa = XCConfigurationList;
			buildConfigurations = (
				725200E627E8123600EEE47F /* Debug */,
				725200E727E8123600EEE47F /* Release */,
			);
			defaultConfigurationIsVisible = 0;
			defaultConfigurationName = Release;
		};
		725200E827E8123600EEE47F /* Build configuration list for PBXNativeTarget "PhotoAlbumTests" */ = {
			isa = XCConfigurationList;
			buildConfigurations = (
				725200E927E8123600EEE47F /* Debug */,
				725200EA27E8123600EEE47F /* Release */,
			);
			defaultConfigurationIsVisible = 0;
			defaultConfigurationName = Release;
		};
		725200EB27E8123600EEE47F /* Build configuration list for PBXNativeTarget "PhotoAlbumUITests" */ = {
			isa = XCConfigurationList;
			buildConfigurations = (
				725200EC27E8123600EEE47F /* Debug */,
				725200ED27E8123600EEE47F /* Release */,
			);
			defaultConfigurationIsVisible = 0;
			defaultConfigurationName = Release;
		};
/* End XCConfigurationList section */
	};
	rootObject = 725200B327E8123400EEE47F /* Project object */;
}
