// !$*UTF8*$!
{
	archiveVersion = 1;
	classes = {
	};
	objectVersion = 55;
	objects = {

/* Begin PBXBuildFile section */

		73E6F46827E8129B00F40943 /* AppDelegate.swift in Sources */ = {isa = PBXBuildFile; fileRef = 73E6F46727E8129B00F40943 /* AppDelegate.swift */; };
		73E6F46A27E8129B00F40943 /* SceneDelegate.swift in Sources */ = {isa = PBXBuildFile; fileRef = 73E6F46927E8129B00F40943 /* SceneDelegate.swift */; };
		73E6F46C27E8129B00F40943 /* ViewController.swift in Sources */ = {isa = PBXBuildFile; fileRef = 73E6F46B27E8129B00F40943 /* ViewController.swift */; };
		73E6F46F27E8129B00F40943 /* Main.storyboard in Resources */ = {isa = PBXBuildFile; fileRef = 73E6F46D27E8129B00F40943 /* Main.storyboard */; };
		73E6F47127E8129C00F40943 /* Assets.xcassets in Resources */ = {isa = PBXBuildFile; fileRef = 73E6F47027E8129C00F40943 /* Assets.xcassets */; };
		73E6F47427E8129C00F40943 /* LaunchScreen.storyboard in Resources */ = {isa = PBXBuildFile; fileRef = 73E6F47227E8129C00F40943 /* LaunchScreen.storyboard */; };
		73E6F47F27E8129C00F40943 /* PhotoAlbumTests.swift in Sources */ = {isa = PBXBuildFile; fileRef = 73E6F47E27E8129C00F40943 /* PhotoAlbumTests.swift */; };
		73E6F48927E8129C00F40943 /* PhotoAlbumUITests.swift in Sources */ = {isa = PBXBuildFile; fileRef = 73E6F48827E8129C00F40943 /* PhotoAlbumUITests.swift */; };
		73E6F48B27E8129C00F40943 /* PhotoAlbumUITestsLaunchTests.swift in Sources */ = {isa = PBXBuildFile; fileRef = 73E6F48A27E8129C00F40943 /* PhotoAlbumUITestsLaunchTests.swift */; };
/* End PBXBuildFile section */

/* Begin PBXContainerItemProxy section */
		73E6F47B27E8129C00F40943 /* PBXContainerItemProxy */ = {
			isa = PBXContainerItemProxy;
			containerPortal = 73E6F45C27E8129B00F40943 /* Project object */;
			proxyType = 1;
			remoteGlobalIDString = 73E6F46327E8129B00F40943;
			remoteInfo = PhotoAlbum;
		};
		73E6F48527E8129C00F40943 /* PBXContainerItemProxy */ = {
			isa = PBXContainerItemProxy;
			containerPortal = 73E6F45C27E8129B00F40943 /* Project object */;
			proxyType = 1;
			remoteGlobalIDString = 73E6F46327E8129B00F40943;

			remoteInfo = PhotoAlbum;
		};
/* End PBXContainerItemProxy section */

/* Begin PBXFileReference section */

		73E6F46427E8129B00F40943 /* PhotoAlbum.app */ = {isa = PBXFileReference; explicitFileType = wrapper.application; includeInIndex = 0; path = PhotoAlbum.app; sourceTree = BUILT_PRODUCTS_DIR; };
		73E6F46727E8129B00F40943 /* AppDelegate.swift */ = {isa = PBXFileReference; lastKnownFileType = sourcecode.swift; path = AppDelegate.swift; sourceTree = "<group>"; };
		73E6F46927E8129B00F40943 /* SceneDelegate.swift */ = {isa = PBXFileReference; lastKnownFileType = sourcecode.swift; path = SceneDelegate.swift; sourceTree = "<group>"; };
		73E6F46B27E8129B00F40943 /* ViewController.swift */ = {isa = PBXFileReference; lastKnownFileType = sourcecode.swift; path = ViewController.swift; sourceTree = "<group>"; };
		73E6F46E27E8129B00F40943 /* Base */ = {isa = PBXFileReference; lastKnownFileType = file.storyboard; name = Base; path = Base.lproj/Main.storyboard; sourceTree = "<group>"; };
		73E6F47027E8129C00F40943 /* Assets.xcassets */ = {isa = PBXFileReference; lastKnownFileType = folder.assetcatalog; path = Assets.xcassets; sourceTree = "<group>"; };
		73E6F47327E8129C00F40943 /* Base */ = {isa = PBXFileReference; lastKnownFileType = file.storyboard; name = Base; path = Base.lproj/LaunchScreen.storyboard; sourceTree = "<group>"; };
		73E6F47527E8129C00F40943 /* Info.plist */ = {isa = PBXFileReference; lastKnownFileType = text.plist.xml; path = Info.plist; sourceTree = "<group>"; };
		73E6F47A27E8129C00F40943 /* PhotoAlbumTests.xctest */ = {isa = PBXFileReference; explicitFileType = wrapper.cfbundle; includeInIndex = 0; path = PhotoAlbumTests.xctest; sourceTree = BUILT_PRODUCTS_DIR; };
		73E6F47E27E8129C00F40943 /* PhotoAlbumTests.swift */ = {isa = PBXFileReference; lastKnownFileType = sourcecode.swift; path = PhotoAlbumTests.swift; sourceTree = "<group>"; };
		73E6F48427E8129C00F40943 /* PhotoAlbumUITests.xctest */ = {isa = PBXFileReference; explicitFileType = wrapper.cfbundle; includeInIndex = 0; path = PhotoAlbumUITests.xctest; sourceTree = BUILT_PRODUCTS_DIR; };
		73E6F48827E8129C00F40943 /* PhotoAlbumUITests.swift */ = {isa = PBXFileReference; lastKnownFileType = sourcecode.swift; path = PhotoAlbumUITests.swift; sourceTree = "<group>"; };
		73E6F48A27E8129C00F40943 /* PhotoAlbumUITestsLaunchTests.swift */ = {isa = PBXFileReference; lastKnownFileType = sourcecode.swift; path = PhotoAlbumUITestsLaunchTests.swift; sourceTree = "<group>"; };
/* End PBXFileReference section */

/* Begin PBXFrameworksBuildPhase section */
		73E6F46127E8129B00F40943 /* Frameworks */ = {
			isa = PBXFrameworksBuildPhase;
			buildActionMask = 2147483647;
			files = (
			);
			runOnlyForDeploymentPostprocessing = 0;
		};
		73E6F47727E8129C00F40943 /* Frameworks */ = {

			isa = PBXFrameworksBuildPhase;
			buildActionMask = 2147483647;
			files = (
			);
			runOnlyForDeploymentPostprocessing = 0;
		};
		73E6F48127E8129C00F40943 /* Frameworks */ = {

			isa = PBXFrameworksBuildPhase;
			buildActionMask = 2147483647;
			files = (
			);
			runOnlyForDeploymentPostprocessing = 0;
		};
/* End PBXFrameworksBuildPhase section */

/* Begin PBXGroup section */

		73E6F45B27E8129B00F40943 = {
			isa = PBXGroup;
			children = (
				73E6F46627E8129B00F40943 /* PhotoAlbum */,
				73E6F47D27E8129C00F40943 /* PhotoAlbumTests */,
				73E6F48727E8129C00F40943 /* PhotoAlbumUITests */,
				73E6F46527E8129B00F40943 /* Products */,
			);
			sourceTree = "<group>";
		};
		73E6F46527E8129B00F40943 /* Products */ = {
			isa = PBXGroup;
			children = (
				73E6F46427E8129B00F40943 /* PhotoAlbum.app */,
				73E6F47A27E8129C00F40943 /* PhotoAlbumTests.xctest */,
				73E6F48427E8129C00F40943 /* PhotoAlbumUITests.xctest */,

			);
			name = Products;
			sourceTree = "<group>";
		};

		73E6F46627E8129B00F40943 /* PhotoAlbum */ = {
			isa = PBXGroup;
			children = (
				73E6F46727E8129B00F40943 /* AppDelegate.swift */,
				73E6F46927E8129B00F40943 /* SceneDelegate.swift */,
				73E6F46B27E8129B00F40943 /* ViewController.swift */,
				73E6F46D27E8129B00F40943 /* Main.storyboard */,
				73E6F47027E8129C00F40943 /* Assets.xcassets */,
				73E6F47227E8129C00F40943 /* LaunchScreen.storyboard */,
				73E6F47527E8129C00F40943 /* Info.plist */,

			);
			path = PhotoAlbum;
			sourceTree = "<group>";
		};

		73E6F47D27E8129C00F40943 /* PhotoAlbumTests */ = {
			isa = PBXGroup;
			children = (
				73E6F47E27E8129C00F40943 /* PhotoAlbumTests.swift */,

			);
			path = PhotoAlbumTests;
			sourceTree = "<group>";
		};

		73E6F48727E8129C00F40943 /* PhotoAlbumUITests */ = {
			isa = PBXGroup;
			children = (
				73E6F48827E8129C00F40943 /* PhotoAlbumUITests.swift */,
				73E6F48A27E8129C00F40943 /* PhotoAlbumUITestsLaunchTests.swift */,

			);
			path = PhotoAlbumUITests;
			sourceTree = "<group>";
		};
/* End PBXGroup section */

/* Begin PBXNativeTarget section */

		73E6F46327E8129B00F40943 /* PhotoAlbum */ = {
			isa = PBXNativeTarget;
			buildConfigurationList = 73E6F48E27E8129C00F40943 /* Build configuration list for PBXNativeTarget "PhotoAlbum" */;
			buildPhases = (
				73E6F46027E8129B00F40943 /* Sources */,
				73E6F46127E8129B00F40943 /* Frameworks */,
				73E6F46227E8129B00F40943 /* Resources */,

			);
			buildRules = (
			);
			dependencies = (
			);
			name = PhotoAlbum;
			productName = PhotoAlbum;

			productReference = 73E6F46427E8129B00F40943 /* PhotoAlbum.app */;
			productType = "com.apple.product-type.application";
		};
		73E6F47927E8129C00F40943 /* PhotoAlbumTests */ = {
			isa = PBXNativeTarget;
			buildConfigurationList = 73E6F49127E8129C00F40943 /* Build configuration list for PBXNativeTarget "PhotoAlbumTests" */;
			buildPhases = (
				73E6F47627E8129C00F40943 /* Sources */,
				73E6F47727E8129C00F40943 /* Frameworks */,
				73E6F47827E8129C00F40943 /* Resources */,

			);
			buildRules = (
			);
			dependencies = (

				73E6F47C27E8129C00F40943 /* PBXTargetDependency */,
			);
			name = PhotoAlbumTests;
			productName = PhotoAlbumTests;
			productReference = 73E6F47A27E8129C00F40943 /* PhotoAlbumTests.xctest */;
			productType = "com.apple.product-type.bundle.unit-test";
		};
		73E6F48327E8129C00F40943 /* PhotoAlbumUITests */ = {
			isa = PBXNativeTarget;
			buildConfigurationList = 73E6F49427E8129C00F40943 /* Build configuration list for PBXNativeTarget "PhotoAlbumUITests" */;
			buildPhases = (
				73E6F48027E8129C00F40943 /* Sources */,
				73E6F48127E8129C00F40943 /* Frameworks */,
				73E6F48227E8129C00F40943 /* Resources */,

			);
			buildRules = (
			);
			dependencies = (

				73E6F48627E8129C00F40943 /* PBXTargetDependency */,
			);
			name = PhotoAlbumUITests;
			productName = PhotoAlbumUITests;
			productReference = 73E6F48427E8129C00F40943 /* PhotoAlbumUITests.xctest */;

			productType = "com.apple.product-type.bundle.ui-testing";
		};
/* End PBXNativeTarget section */

/* Begin PBXProject section */

		73E6F45C27E8129B00F40943 /* Project object */ = {
			isa = PBXProject;
			attributes = {
				BuildIndependentTargetsInParallel = 1;
				LastSwiftUpdateCheck = 1330;
				LastUpgradeCheck = 1330;
				TargetAttributes = {
					73E6F46327E8129B00F40943 = {
						CreatedOnToolsVersion = 13.3;
					};
					73E6F47927E8129C00F40943 = {
						CreatedOnToolsVersion = 13.3;
						TestTargetID = 73E6F46327E8129B00F40943;
					};
					73E6F48327E8129C00F40943 = {
						CreatedOnToolsVersion = 13.3;
						TestTargetID = 73E6F46327E8129B00F40943;
					};
				};
			};
			buildConfigurationList = 73E6F45F27E8129B00F40943 /* Build configuration list for PBXProject "PhotoAlbum" */;

			compatibilityVersion = "Xcode 13.0";
			developmentRegion = en;
			hasScannedForEncodings = 0;
			knownRegions = (
				en,
				Base,
			);

			mainGroup = 73E6F45B27E8129B00F40943;
			productRefGroup = 73E6F46527E8129B00F40943 /* Products */;
			projectDirPath = "";
			projectRoot = "";
			targets = (
				73E6F46327E8129B00F40943 /* PhotoAlbum */,
				73E6F47927E8129C00F40943 /* PhotoAlbumTests */,
				73E6F48327E8129C00F40943 /* PhotoAlbumUITests */,

			);
		};
/* End PBXProject section */

/* Begin PBXResourcesBuildPhase section */

		73E6F46227E8129B00F40943 /* Resources */ = {
			isa = PBXResourcesBuildPhase;
			buildActionMask = 2147483647;
			files = (
				73E6F47427E8129C00F40943 /* LaunchScreen.storyboard in Resources */,
				73E6F47127E8129C00F40943 /* Assets.xcassets in Resources */,
				73E6F46F27E8129B00F40943 /* Main.storyboard in Resources */,
			);
			runOnlyForDeploymentPostprocessing = 0;
		};
		73E6F47827E8129C00F40943 /* Resources */ = {

			isa = PBXResourcesBuildPhase;
			buildActionMask = 2147483647;
			files = (
			);
			runOnlyForDeploymentPostprocessing = 0;
		};

		73E6F48227E8129C00F40943 /* Resources */ = {

			isa = PBXResourcesBuildPhase;
			buildActionMask = 2147483647;
			files = (
			);
			runOnlyForDeploymentPostprocessing = 0;
		};
/* End PBXResourcesBuildPhase section */

/* Begin PBXSourcesBuildPhase section */

		73E6F46027E8129B00F40943 /* Sources */ = {
			isa = PBXSourcesBuildPhase;
			buildActionMask = 2147483647;
			files = (
				73E6F46C27E8129B00F40943 /* ViewController.swift in Sources */,
				73E6F46827E8129B00F40943 /* AppDelegate.swift in Sources */,
				73E6F46A27E8129B00F40943 /* SceneDelegate.swift in Sources */,
			);
			runOnlyForDeploymentPostprocessing = 0;
		};
		73E6F47627E8129C00F40943 /* Sources */ = {
			isa = PBXSourcesBuildPhase;
			buildActionMask = 2147483647;
			files = (
				73E6F47F27E8129C00F40943 /* PhotoAlbumTests.swift in Sources */,
			);
			runOnlyForDeploymentPostprocessing = 0;
		};
		73E6F48027E8129C00F40943 /* Sources */ = {
			isa = PBXSourcesBuildPhase;
			buildActionMask = 2147483647;
			files = (
				73E6F48927E8129C00F40943 /* PhotoAlbumUITests.swift in Sources */,
				73E6F48B27E8129C00F40943 /* PhotoAlbumUITestsLaunchTests.swift in Sources */,

			);
			runOnlyForDeploymentPostprocessing = 0;
		};
/* End PBXSourcesBuildPhase section */

/* Begin PBXTargetDependency section */

		73E6F47C27E8129C00F40943 /* PBXTargetDependency */ = {
			isa = PBXTargetDependency;
			target = 73E6F46327E8129B00F40943 /* PhotoAlbum */;
			targetProxy = 73E6F47B27E8129C00F40943 /* PBXContainerItemProxy */;
		};
		73E6F48627E8129C00F40943 /* PBXTargetDependency */ = {
			isa = PBXTargetDependency;
			target = 73E6F46327E8129B00F40943 /* PhotoAlbum */;
			targetProxy = 73E6F48527E8129C00F40943 /* PBXContainerItemProxy */;

		};
/* End PBXTargetDependency section */

/* Begin PBXVariantGroup section */

		73E6F46D27E8129B00F40943 /* Main.storyboard */ = {
			isa = PBXVariantGroup;
			children = (
				73E6F46E27E8129B00F40943 /* Base */,

			);
			name = Main.storyboard;
			sourceTree = "<group>";
		};

		73E6F47227E8129C00F40943 /* LaunchScreen.storyboard */ = {
			isa = PBXVariantGroup;
			children = (
				73E6F47327E8129C00F40943 /* Base */,

			);
			name = LaunchScreen.storyboard;
			sourceTree = "<group>";
		};
/* End PBXVariantGroup section */

/* Begin XCBuildConfiguration section */

		73E6F48C27E8129C00F40943 /* Debug */ = {

			isa = XCBuildConfiguration;
			buildSettings = {
				ALWAYS_SEARCH_USER_PATHS = NO;
				CLANG_ANALYZER_NONNULL = YES;
				CLANG_ANALYZER_NUMBER_OBJECT_CONVERSION = YES_AGGRESSIVE;
				CLANG_CXX_LANGUAGE_STANDARD = "gnu++17";

				CLANG_ENABLE_MODULES = YES;
				CLANG_ENABLE_OBJC_ARC = YES;
				CLANG_ENABLE_OBJC_WEAK = YES;
				CLANG_WARN_BLOCK_CAPTURE_AUTORELEASING = YES;
				CLANG_WARN_BOOL_CONVERSION = YES;
				CLANG_WARN_COMMA = YES;
				CLANG_WARN_CONSTANT_CONVERSION = YES;
				CLANG_WARN_DEPRECATED_OBJC_IMPLEMENTATIONS = YES;
				CLANG_WARN_DIRECT_OBJC_ISA_USAGE = YES_ERROR;
				CLANG_WARN_DOCUMENTATION_COMMENTS = YES;
				CLANG_WARN_EMPTY_BODY = YES;
				CLANG_WARN_ENUM_CONVERSION = YES;
				CLANG_WARN_INFINITE_RECURSION = YES;
				CLANG_WARN_INT_CONVERSION = YES;
				CLANG_WARN_NON_LITERAL_NULL_CONVERSION = YES;
				CLANG_WARN_OBJC_IMPLICIT_RETAIN_SELF = YES;
				CLANG_WARN_OBJC_LITERAL_CONVERSION = YES;
				CLANG_WARN_OBJC_ROOT_CLASS = YES_ERROR;
				CLANG_WARN_QUOTED_INCLUDE_IN_FRAMEWORK_HEADER = YES;
				CLANG_WARN_RANGE_LOOP_ANALYSIS = YES;
				CLANG_WARN_STRICT_PROTOTYPES = YES;
				CLANG_WARN_SUSPICIOUS_MOVE = YES;
				CLANG_WARN_UNGUARDED_AVAILABILITY = YES_AGGRESSIVE;
				CLANG_WARN_UNREACHABLE_CODE = YES;
				CLANG_WARN__DUPLICATE_METHOD_MATCH = YES;
				COPY_PHASE_STRIP = NO;
				DEBUG_INFORMATION_FORMAT = dwarf;
				ENABLE_STRICT_OBJC_MSGSEND = YES;
				ENABLE_TESTABILITY = YES;
				GCC_C_LANGUAGE_STANDARD = gnu11;
				GCC_DYNAMIC_NO_PIC = NO;
				GCC_NO_COMMON_BLOCKS = YES;
				GCC_OPTIMIZATION_LEVEL = 0;
				GCC_PREPROCESSOR_DEFINITIONS = (
					"DEBUG=1",
					"$(inherited)",
				);
				GCC_WARN_64_TO_32_BIT_CONVERSION = YES;
				GCC_WARN_ABOUT_RETURN_TYPE = YES_ERROR;
				GCC_WARN_UNDECLARED_SELECTOR = YES;
				GCC_WARN_UNINITIALIZED_AUTOS = YES_AGGRESSIVE;
				GCC_WARN_UNUSED_FUNCTION = YES;
				GCC_WARN_UNUSED_VARIABLE = YES;

				IPHONEOS_DEPLOYMENT_TARGET = 15.4;

				MTL_ENABLE_DEBUG_INFO = INCLUDE_SOURCE;
				MTL_FAST_MATH = YES;
				ONLY_ACTIVE_ARCH = YES;
				SDKROOT = iphoneos;
				SWIFT_ACTIVE_COMPILATION_CONDITIONS = DEBUG;
				SWIFT_OPTIMIZATION_LEVEL = "-Onone";
			};
			name = Debug;
		};

		73E6F48D27E8129C00F40943 /* Release */ = {

			isa = XCBuildConfiguration;
			buildSettings = {
				ALWAYS_SEARCH_USER_PATHS = NO;
				CLANG_ANALYZER_NONNULL = YES;
				CLANG_ANALYZER_NUMBER_OBJECT_CONVERSION = YES_AGGRESSIVE;
				CLANG_CXX_LANGUAGE_STANDARD = "gnu++17";


				CLANG_ENABLE_MODULES = YES;
				CLANG_ENABLE_OBJC_ARC = YES;
				CLANG_ENABLE_OBJC_WEAK = YES;
				CLANG_WARN_BLOCK_CAPTURE_AUTORELEASING = YES;
				CLANG_WARN_BOOL_CONVERSION = YES;
				CLANG_WARN_COMMA = YES;
				CLANG_WARN_CONSTANT_CONVERSION = YES;
				CLANG_WARN_DEPRECATED_OBJC_IMPLEMENTATIONS = YES;
				CLANG_WARN_DIRECT_OBJC_ISA_USAGE = YES_ERROR;
				CLANG_WARN_DOCUMENTATION_COMMENTS = YES;
				CLANG_WARN_EMPTY_BODY = YES;
				CLANG_WARN_ENUM_CONVERSION = YES;
				CLANG_WARN_INFINITE_RECURSION = YES;
				CLANG_WARN_INT_CONVERSION = YES;
				CLANG_WARN_NON_LITERAL_NULL_CONVERSION = YES;
				CLANG_WARN_OBJC_IMPLICIT_RETAIN_SELF = YES;
				CLANG_WARN_OBJC_LITERAL_CONVERSION = YES;
				CLANG_WARN_OBJC_ROOT_CLASS = YES_ERROR;
				CLANG_WARN_QUOTED_INCLUDE_IN_FRAMEWORK_HEADER = YES;
				CLANG_WARN_RANGE_LOOP_ANALYSIS = YES;
				CLANG_WARN_STRICT_PROTOTYPES = YES;
				CLANG_WARN_SUSPICIOUS_MOVE = YES;
				CLANG_WARN_UNGUARDED_AVAILABILITY = YES_AGGRESSIVE;
				CLANG_WARN_UNREACHABLE_CODE = YES;
				CLANG_WARN__DUPLICATE_METHOD_MATCH = YES;
				COPY_PHASE_STRIP = NO;
				DEBUG_INFORMATION_FORMAT = "dwarf-with-dsym";
				ENABLE_NS_ASSERTIONS = NO;
				ENABLE_STRICT_OBJC_MSGSEND = YES;
				GCC_C_LANGUAGE_STANDARD = gnu11;
				GCC_NO_COMMON_BLOCKS = YES;
				GCC_WARN_64_TO_32_BIT_CONVERSION = YES;
				GCC_WARN_ABOUT_RETURN_TYPE = YES_ERROR;
				GCC_WARN_UNDECLARED_SELECTOR = YES;
				GCC_WARN_UNINITIALIZED_AUTOS = YES_AGGRESSIVE;
				GCC_WARN_UNUSED_FUNCTION = YES;
				GCC_WARN_UNUSED_VARIABLE = YES;

				IPHONEOS_DEPLOYMENT_TARGET = 15.4;

				MTL_ENABLE_DEBUG_INFO = NO;
				MTL_FAST_MATH = YES;
				SDKROOT = iphoneos;
				SWIFT_COMPILATION_MODE = wholemodule;
				SWIFT_OPTIMIZATION_LEVEL = "-O";
				VALIDATE_PRODUCT = YES;
			};
			name = Release;
		};

		73E6F48F27E8129C00F40943 /* Debug */ = {

			isa = XCBuildConfiguration;
			buildSettings = {
				ASSETCATALOG_COMPILER_APPICON_NAME = AppIcon;
				ASSETCATALOG_COMPILER_GLOBAL_ACCENT_COLOR_NAME = AccentColor;
				CODE_SIGN_STYLE = Automatic;
				CURRENT_PROJECT_VERSION = 1;
				DEVELOPMENT_TEAM = 6Y9V523M6R;
				GENERATE_INFOPLIST_FILE = YES;
				INFOPLIST_FILE = PhotoAlbum/Info.plist;
				INFOPLIST_KEY_UIApplicationSupportsIndirectInputEvents = YES;
				INFOPLIST_KEY_UILaunchStoryboardName = LaunchScreen;
				INFOPLIST_KEY_UIMainStoryboardFile = Main;
				INFOPLIST_KEY_UISupportedInterfaceOrientations_iPad = "UIInterfaceOrientationPortrait UIInterfaceOrientationPortraitUpsideDown UIInterfaceOrientationLandscapeLeft UIInterfaceOrientationLandscapeRight";
				INFOPLIST_KEY_UISupportedInterfaceOrientations_iPhone = "UIInterfaceOrientationPortrait UIInterfaceOrientationLandscapeLeft UIInterfaceOrientationLandscapeRight";
				LD_RUNPATH_SEARCH_PATHS = (
					"$(inherited)",
					"@executable_path/Frameworks",
				);
				MARKETING_VERSION = 1.0;

				PRODUCT_BUNDLE_IDENTIFIER = com.jihee.PhotoAlbum;

				PRODUCT_NAME = "$(TARGET_NAME)";
				SWIFT_EMIT_LOC_STRINGS = YES;
				SWIFT_VERSION = 5.0;
				TARGETED_DEVICE_FAMILY = "1,2";
			};
			name = Debug;
		};

		73E6F49027E8129C00F40943 /* Release */ = {

			isa = XCBuildConfiguration;
			buildSettings = {
				ASSETCATALOG_COMPILER_APPICON_NAME = AppIcon;
				ASSETCATALOG_COMPILER_GLOBAL_ACCENT_COLOR_NAME = AccentColor;
				CODE_SIGN_STYLE = Automatic;
				CURRENT_PROJECT_VERSION = 1;
				DEVELOPMENT_TEAM = "";
				GENERATE_INFOPLIST_FILE = YES;
				INFOPLIST_FILE = PhotoAlbum/Info.plist;
				INFOPLIST_KEY_UIApplicationSupportsIndirectInputEvents = YES;
				INFOPLIST_KEY_UILaunchStoryboardName = LaunchScreen;
				INFOPLIST_KEY_UIMainStoryboardFile = Main;
				INFOPLIST_KEY_UISupportedInterfaceOrientations_iPad = "UIInterfaceOrientationPortrait UIInterfaceOrientationPortraitUpsideDown UIInterfaceOrientationLandscapeLeft UIInterfaceOrientationLandscapeRight";
				INFOPLIST_KEY_UISupportedInterfaceOrientations_iPhone = "UIInterfaceOrientationPortrait UIInterfaceOrientationLandscapeLeft UIInterfaceOrientationLandscapeRight";
				LD_RUNPATH_SEARCH_PATHS = (
					"$(inherited)",
					"@executable_path/Frameworks",
				);
				MARKETING_VERSION = 1.0;

				PRODUCT_BUNDLE_IDENTIFIER = com.jihee.PhotoAlbum;

				PRODUCT_NAME = "$(TARGET_NAME)";
				SWIFT_EMIT_LOC_STRINGS = YES;
				SWIFT_VERSION = 5.0;
				TARGETED_DEVICE_FAMILY = "1,2";
			};
			name = Release;
		};

		73E6F49227E8129C00F40943 /* Debug */ = {

			isa = XCBuildConfiguration;
			buildSettings = {
				ALWAYS_EMBED_SWIFT_STANDARD_LIBRARIES = YES;
				BUNDLE_LOADER = "$(TEST_HOST)";
				CODE_SIGN_STYLE = Automatic;
				CURRENT_PROJECT_VERSION = 1;

				DEVELOPMENT_TEAM = 6Y9V523M6R;
				GENERATE_INFOPLIST_FILE = YES;
				IPHONEOS_DEPLOYMENT_TARGET = 15.4;
				MARKETING_VERSION = 1.0;
				PRODUCT_BUNDLE_IDENTIFIER = com.jihee.PhotoAlbumTests;

				PRODUCT_NAME = "$(TARGET_NAME)";
				SWIFT_EMIT_LOC_STRINGS = NO;
				SWIFT_VERSION = 5.0;
				TARGETED_DEVICE_FAMILY = "1,2";
				TEST_HOST = "$(BUILT_PRODUCTS_DIR)/PhotoAlbum.app/PhotoAlbum";
			};
			name = Debug;
		};

		73E6F49327E8129C00F40943 /* Release */ = {

			isa = XCBuildConfiguration;
			buildSettings = {
				ALWAYS_EMBED_SWIFT_STANDARD_LIBRARIES = YES;
				BUNDLE_LOADER = "$(TEST_HOST)";
				CODE_SIGN_STYLE = Automatic;
				CURRENT_PROJECT_VERSION = 1;

				DEVELOPMENT_TEAM = 6Y9V523M6R;
				GENERATE_INFOPLIST_FILE = YES;
				IPHONEOS_DEPLOYMENT_TARGET = 15.4;
				MARKETING_VERSION = 1.0;
				PRODUCT_BUNDLE_IDENTIFIER = com.jihee.PhotoAlbumTests;

				PRODUCT_NAME = "$(TARGET_NAME)";
				SWIFT_EMIT_LOC_STRINGS = NO;
				SWIFT_VERSION = 5.0;
				TARGETED_DEVICE_FAMILY = "1,2";
				TEST_HOST = "$(BUILT_PRODUCTS_DIR)/PhotoAlbum.app/PhotoAlbum";
			};
			name = Release;
		};

		73E6F49527E8129C00F40943 /* Debug */ = {

			isa = XCBuildConfiguration;
			buildSettings = {
				ALWAYS_EMBED_SWIFT_STANDARD_LIBRARIES = YES;
				CODE_SIGN_STYLE = Automatic;
				CURRENT_PROJECT_VERSION = 1;

				DEVELOPMENT_TEAM = 6Y9V523M6R;
				GENERATE_INFOPLIST_FILE = YES;
				MARKETING_VERSION = 1.0;
				PRODUCT_BUNDLE_IDENTIFIER = com.jihee.PhotoAlbumUITests;

				PRODUCT_NAME = "$(TARGET_NAME)";
				SWIFT_EMIT_LOC_STRINGS = NO;
				SWIFT_VERSION = 5.0;
				TARGETED_DEVICE_FAMILY = "1,2";
				TEST_TARGET_NAME = PhotoAlbum;
			};
			name = Debug;
		};

		73E6F49627E8129C00F40943 /* Release */ = {

			isa = XCBuildConfiguration;
			buildSettings = {
				ALWAYS_EMBED_SWIFT_STANDARD_LIBRARIES = YES;
				CODE_SIGN_STYLE = Automatic;
				CURRENT_PROJECT_VERSION = 1;

				DEVELOPMENT_TEAM = 6Y9V523M6R;
				GENERATE_INFOPLIST_FILE = YES;
				MARKETING_VERSION = 1.0;
				PRODUCT_BUNDLE_IDENTIFIER = com.jihee.PhotoAlbumUITests;

				PRODUCT_NAME = "$(TARGET_NAME)";
				SWIFT_EMIT_LOC_STRINGS = NO;
				SWIFT_VERSION = 5.0;
				TARGETED_DEVICE_FAMILY = "1,2";
				TEST_TARGET_NAME = PhotoAlbum;
			};
			name = Release;
		};
/* End XCBuildConfiguration section */

/* Begin XCConfigurationList section */

		73E6F45F27E8129B00F40943 /* Build configuration list for PBXProject "PhotoAlbum" */ = {
			isa = XCConfigurationList;
			buildConfigurations = (
				73E6F48C27E8129C00F40943 /* Debug */,
				73E6F48D27E8129C00F40943 /* Release */,

			);
			defaultConfigurationIsVisible = 0;
			defaultConfigurationName = Release;
		};

		73E6F48E27E8129C00F40943 /* Build configuration list for PBXNativeTarget "PhotoAlbum" */ = {
			isa = XCConfigurationList;
			buildConfigurations = (
				73E6F48F27E8129C00F40943 /* Debug */,
				73E6F49027E8129C00F40943 /* Release */,

			);
			defaultConfigurationIsVisible = 0;
			defaultConfigurationName = Release;
		};

		73E6F49127E8129C00F40943 /* Build configuration list for PBXNativeTarget "PhotoAlbumTests" */ = {
			isa = XCConfigurationList;
			buildConfigurations = (
				73E6F49227E8129C00F40943 /* Debug */,
				73E6F49327E8129C00F40943 /* Release */,

			);
			defaultConfigurationIsVisible = 0;
			defaultConfigurationName = Release;
		};

		73E6F49427E8129C00F40943 /* Build configuration list for PBXNativeTarget "PhotoAlbumUITests" */ = {
			isa = XCConfigurationList;
			buildConfigurations = (
				73E6F49527E8129C00F40943 /* Debug */,
				73E6F49627E8129C00F40943 /* Release */,

			);
			defaultConfigurationIsVisible = 0;
			defaultConfigurationName = Release;
		};
/* End XCConfigurationList section */
	};

	rootObject = 73E6F45C27E8129B00F40943 /* Project object */;
}
